<?xml version="1.0" encoding="utf-8"?>
<Project ToolsVersion="4.0" xmlns="http://schemas.microsoft.com/developer/msbuild/2003">
  <ItemGroup>
    <Filter Include="Source Files">
      <UniqueIdentifier>{4FC737F1-C7A5-4376-A066-2A32D752A2FF}</UniqueIdentifier>
      <Extensions>cpp;c;cc;cxx;c++;cppm;ixx;def;odl;idl;hpj;bat;asm;asmx</Extensions>
    </Filter>
    <Filter Include="Header Files">
      <UniqueIdentifier>{93995380-89BD-4b04-88EB-625FBE52EBFB}</UniqueIdentifier>
      <Extensions>h;hh;hpp;hxx;h++;hm;inl;inc;ipp;xsd</Extensions>
    </Filter>
    <Filter Include="Resource Files">
      <UniqueIdentifier>{67DA6AB6-F800-4c08-8B7A-83BB121AAD01}</UniqueIdentifier>
      <Extensions>rc;ico;cur;bmp;dlg;rc2;rct;bin;rgs;gif;jpg;jpeg;jpe;resx;tiff;tif;png;wav;mfcribbon-ms</Extensions>
    </Filter>
    <Filter Include="Source Files\tests">
      <UniqueIdentifier>{64be4fb3-68fd-45f6-a796-ae307327d04d}</UniqueIdentifier>
    </Filter>
    <Filter Include="Source Files\bin">
      <UniqueIdentifier>{e0078a5f-56d5-4395-aabf-279eac8f556d}</UniqueIdentifier>
    </Filter>
    <Filter Include="Source Files\functions">
      <UniqueIdentifier>{ffeb1c00-dea6-479e-86fd-e5ef6f3ed71c}</UniqueIdentifier>
    </Filter>
    <Filter Include="Source Files\functions\Play">
      <UniqueIdentifier>{37cf9d82-c0de-49d8-8e5a-91302b5fa944}</UniqueIdentifier>
    </Filter>
    <Filter Include="Source Files\functions\Menu stuff">
      <UniqueIdentifier>{72eee43e-43e9-4a28-a15e-d52115efb885}</UniqueIdentifier>
    </Filter>
    <Filter Include="Source Files\functions\Modify">
      <UniqueIdentifier>{22064524-771e-4827-b9aa-54c759278292}</UniqueIdentifier>
    </Filter>
  </ItemGroup>
  <ItemGroup>
    <ClCompile Include="main.c">
      <Filter>Source Files\bin</Filter>
    </ClCompile>
    <ClCompile Include="menus.c">
      <Filter>Source Files\functions\Menu stuff</Filter>
    </ClCompile>
    <ClCompile Include="play.c">
      <Filter>Source Files\functions\Play</Filter>
    </ClCompile>
    <ClCompile Include="tests.c">
      <Filter>Source Files\tests</Filter>
    </ClCompile>
    <ClCompile Include="modify.c">
      <Filter>Source Files\functions\Modify</Filter>
    </ClCompile>
  </ItemGroup>
  <ItemGroup>
    <None Include="musicPlayListCopy.csv">
      <Filter>Resource Files</Filter>
    </None>
    <None Include="README.md">
      <Filter>Source Files</Filter>
    </None>
  </ItemGroup>
  <ItemGroup>
    <ClInclude Include="record.h">
      <Filter>Header Files</Filter>
    </ClInclude>
    <ClInclude Include="menus.h">
      <Filter>Source Files\functions\Menu stuff</Filter>
    </ClInclude>
    <ClInclude Include="play.h">
      <Filter>Source Files\functions\Play</Filter>
    </ClInclude>
    <ClInclude Include="consts.h">
      <Filter>Header Files</Filter>
    </ClInclude>
    <ClInclude Include="tests.h">
      <Filter>Source Files\tests</Filter>
    </ClInclude>
    <ClInclude Include="modify.h">
      <Filter>Source Files\functions\Modify</Filter>
    </ClInclude>
  </ItemGroup>
</Project>